
Microsoft Visual Studio Solution File, Format Version 11.00
# Visual Studio 2010
Project("{FAE04EC0-301F-11D3-BF4B-00C04F79EFBC}") = "Assembly-CSharp", "Assembly-CSharp.csproj", "{5ad4ae7b-f3fd-c0ea-a2a6-36bbf7a6451f}"
EndProject
Project("{FAE04EC0-301F-11D3-BF4B-00C04F79EFBC}") = "Assembly-CSharp-Editor", "Assembly-CSharp-Editor.csproj", "{69bc694b-dbd1-2840-a9b2-2027bd125598}"
EndProject
Global
	GlobalSection(SolutionConfigurationPlatforms) = preSolution
		Debug|Any CPU = Debug|Any CPU
		Release|Any CPU = Release|Any CPU
	EndGlobalSection
	GlobalSection(ProjectConfigurationPlatforms) = postSolution
		{5ad4ae7b-f3fd-c0ea-a2a6-36bbf7a6451f}.Debug|Any CPU.ActiveCfg = Debug|Any CPU
		{5ad4ae7b-f3fd-c0ea-a2a6-36bbf7a6451f}.Debug|Any CPU.Build.0 = Debug|Any CPU
		{5ad4ae7b-f3fd-c0ea-a2a6-36bbf7a6451f}.Release|Any CPU.ActiveCfg = Release|Any CPU
		{5ad4ae7b-f3fd-c0ea-a2a6-36bbf7a6451f}.Release|Any CPU.Build.0 = Release|Any CPU
		{69bc694b-dbd1-2840-a9b2-2027bd125598}.Debug|Any CPU.ActiveCfg = Debug|Any CPU
		{69bc694b-dbd1-2840-a9b2-2027bd125598}.Debug|Any CPU.Build.0 = Debug|Any CPU
		{69bc694b-dbd1-2840-a9b2-2027bd125598}.Release|Any CPU.ActiveCfg = Release|Any CPU
		{69bc694b-dbd1-2840-a9b2-2027bd125598}.Release|Any CPU.Build.0 = Release|Any CPU
	EndGlobalSection
	GlobalSection(SolutionProperties) = preSolution
		HideSolutionNode = FALSE
	EndGlobalSection
EndGlobal
